
Microsoft Visual Studio Solution File, Format Version 12.00
# Visual Studio Version 16
VisualStudioVersion = 16.0.30611.23
MinimumVisualStudioVersion = 10.0.40219.1
Project("{FAE04EC0-301F-11D3-BF4B-00C04F79EFBC}") = "PupilRequestClient", "PupilRequestClient\PupilRequestClient.csproj", "{AA972446-56A1-4B9F-8B8A-FE8EB4C66879}"
EndProject
Project("{FAE04EC0-301F-11D3-BF4B-00C04F79EFBC}") = "SimpleMessagePack", "SimpleMessagePack\SimpleMessagePack.csproj", "{81929563-A114-4C9E-81B7-4B7EC617D5AA}"
EndProject
Project("{FAE04EC0-301F-11D3-BF4B-00C04F79EFBC}") = "EmguCV", "EmguCV\EmguCV.csproj", "{22E5D017-2637-420A-BE85-C83AC31F1BC9}"
EndProject
Project("{FAE04EC0-301F-11D3-BF4B-00C04F79EFBC}") = "ReshapeArrayC", "ReshapeArrayC\ReshapeArrayC.csproj", "{91E17461-3FC7-4BEC-AFE1-3CDD7D7050BB}"
EndProject
Project("{FAE04EC0-301F-11D3-BF4B-00C04F79EFBC}") = "EyeTribe", "EyeTribe\EyeTribe.csproj", "{7EC7797F-31A7-45B6-B8C3-D78540D6865C}"
EndProject
Project("{FAE04EC0-301F-11D3-BF4B-00C04F79EFBC}") = "ConsoleApplication1", "ConsoleApplication1\ConsoleApplication1.csproj", "{A46DB2D3-D145-4733-B69E-2E12C2B5A19B}"
EndProject
Global
	GlobalSection(SolutionConfigurationPlatforms) = preSolution
		Debug|Any CPU = Debug|Any CPU
		Release|Any CPU = Release|Any CPU
	EndGlobalSection
	GlobalSection(ProjectConfigurationPlatforms) = postSolution
		{AA972446-56A1-4B9F-8B8A-FE8EB4C66879}.Debug|Any CPU.ActiveCfg = Debug|Any CPU
		{AA972446-56A1-4B9F-8B8A-FE8EB4C66879}.Debug|Any CPU.Build.0 = Debug|Any CPU
		{AA972446-56A1-4B9F-8B8A-FE8EB4C66879}.Release|Any CPU.ActiveCfg = Release|Any CPU
		{AA972446-56A1-4B9F-8B8A-FE8EB4C66879}.Release|Any CPU.Build.0 = Release|Any CPU
		{81929563-A114-4C9E-81B7-4B7EC617D5AA}.Debug|Any CPU.ActiveCfg = Debug|Any CPU
		{81929563-A114-4C9E-81B7-4B7EC617D5AA}.Debug|Any CPU.Build.0 = Debug|Any CPU
		{81929563-A114-4C9E-81B7-4B7EC617D5AA}.Release|Any CPU.ActiveCfg = Release|Any CPU
		{81929563-A114-4C9E-81B7-4B7EC617D5AA}.Release|Any CPU.Build.0 = Release|Any CPU
		{22E5D017-2637-420A-BE85-C83AC31F1BC9}.Debug|Any CPU.ActiveCfg = Debug|Any CPU
		{22E5D017-2637-420A-BE85-C83AC31F1BC9}.Debug|Any CPU.Build.0 = Debug|Any CPU
		{22E5D017-2637-420A-BE85-C83AC31F1BC9}.Release|Any CPU.ActiveCfg = Release|Any CPU
		{22E5D017-2637-420A-BE85-C83AC31F1BC9}.Release|Any CPU.Build.0 = Release|Any CPU
		{91E17461-3FC7-4BEC-AFE1-3CDD7D7050BB}.Debug|Any CPU.ActiveCfg = Debug|Any CPU
		{91E17461-3FC7-4BEC-AFE1-3CDD7D7050BB}.Debug|Any CPU.Build.0 = Debug|Any CPU
		{91E17461-3FC7-4BEC-AFE1-3CDD7D7050BB}.Release|Any CPU.ActiveCfg = Release|Any CPU
		{91E17461-3FC7-4BEC-AFE1-3CDD7D7050BB}.Release|Any CPU.Build.0 = Release|Any CPU
		{7EC7797F-31A7-45B6-B8C3-D78540D6865C}.Debug|Any CPU.ActiveCfg = Debug|Any CPU
		{7EC7797F-31A7-45B6-B8C3-D78540D6865C}.Debug|Any CPU.Build.0 = Debug|Any CPU
		{7EC7797F-31A7-45B6-B8C3-D78540D6865C}.Release|Any CPU.ActiveCfg = Release|Any CPU
		{7EC7797F-31A7-45B6-B8C3-D78540D6865C}.Release|Any CPU.Build.0 = Release|Any CPU
		{A46DB2D3-D145-4733-B69E-2E12C2B5A19B}.Debug|Any CPU.ActiveCfg = Debug|Any CPU
		{A46DB2D3-D145-4733-B69E-2E12C2B5A19B}.Debug|Any CPU.Build.0 = Debug|Any CPU
		{A46DB2D3-D145-4733-B69E-2E12C2B5A19B}.Release|Any CPU.ActiveCfg = Release|Any CPU
		{A46DB2D3-D145-4733-B69E-2E12C2B5A19B}.Release|Any CPU.Build.0 = Release|Any CPU
	EndGlobalSection
	GlobalSection(SolutionProperties) = preSolution
		HideSolutionNode = FALSE
	EndGlobalSection
	GlobalSection(ExtensibilityGlobals) = postSolution
		SolutionGuid = {F7F43CDC-27DD-4E22-ADF1-8D3D08FC668A}
	EndGlobalSection
EndGlobal
